
Microsoft Visual Studio Solution File, Format Version 12.00
Project("{FAE04EC0-301F-11D3-BF4B-00C04F79EFBC}") = "VariablesDemoCSharp-52", "VariablesDemoCSharp-52\VariablesDemoCSharp-52.csproj", "{B2452E44-3D57-493D-9117-6619189EACDB}"
EndProject
Global
	GlobalSection(SolutionConfigurationPlatforms) = preSolution
		Debug|Any CPU = Debug|Any CPU
		Release|Any CPU = Release|Any CPU
	EndGlobalSection
	GlobalSection(ProjectConfigurationPlatforms) = postSolution
		{B2452E44-3D57-493D-9117-6619189EACDB}.Debug|Any CPU.ActiveCfg = Debug|Any CPU
		{B2452E44-3D57-493D-9117-6619189EACDB}.Debug|Any CPU.Build.0 = Debug|Any CPU
		{B2452E44-3D57-493D-9117-6619189EACDB}.Release|Any CPU.ActiveCfg = Release|Any CPU
		{B2452E44-3D57-493D-9117-6619189EACDB}.Release|Any CPU.Build.0 = Release|Any CPU
	EndGlobalSection
EndGlobal
